// !$*UTF8*$!
{
	archiveVersion = 1;
	classes = {
	};
	objectVersion = 48;
	objects = {

/* Begin PBXBuildFile section */
		89515CA62037607600B78076 /* AppDelegate.swift in Sources */ = {isa = PBXBuildFile; fileRef = 89515CA52037607600B78076 /* AppDelegate.swift */; };
		89515CAB2037607600B78076 /* Main.storyboard in Resources */ = {isa = PBXBuildFile; fileRef = 89515CA92037607600B78076 /* Main.storyboard */; };
		89515CAD2037607600B78076 /* Assets.xcassets in Resources */ = {isa = PBXBuildFile; fileRef = 89515CAC2037607600B78076 /* Assets.xcassets */; };
		89515CB02037607600B78076 /* LaunchScreen.storyboard in Resources */ = {isa = PBXBuildFile; fileRef = 89515CAE2037607600B78076 /* LaunchScreen.storyboard */; };
		89515CD72037618C00B78076 /* listaTableViewController.swift in Sources */ = {isa = PBXBuildFile; fileRef = 89515CD62037618C00B78076 /* listaTableViewController.swift */; };
		89515CD92037626C00B78076 /* corViewController.swift in Sources */ = {isa = PBXBuildFile; fileRef = 89515CD82037626C00B78076 /* corViewController.swift */; };
		89515CFB2037663C00B78076 /* SQLite.framework in Frameworks */ = {isa = PBXBuildFile; fileRef = 89515CED203765FB00B78076 /* SQLite.framework */; };
		89515CFC2037663C00B78076 /* SQLite.framework in Embed Frameworks */ = {isa = PBXBuildFile; fileRef = 89515CED203765FB00B78076 /* SQLite.framework */; settings = {ATTRIBUTES = (CodeSignOnCopy, RemoveHeadersOnCopy, ); }; };
		8953D37A2038B4E7000B99EB /* infoViewController.swift in Sources */ = {isa = PBXBuildFile; fileRef = 8953D3792038B4E7000B99EB /* infoViewController.swift */; };
		8953D37C2038BA74000B99EB /* editarViewController.swift in Sources */ = {isa = PBXBuildFile; fileRef = 8953D37B2038BA74000B99EB /* editarViewController.swift */; };
/* End PBXBuildFile section */

/* Begin PBXContainerItemProxy section */
		89515CEC203765FB00B78076 /* PBXContainerItemProxy */ = {
			isa = PBXContainerItemProxy;
			containerPortal = 89515CE2203765FB00B78076 /* SQLite.xcodeproj */;
			proxyType = 2;
			remoteGlobalIDString = EE247AD31C3F04ED00AE3E12;
			remoteInfo = "SQLite iOS";
		};
		89515CEE203765FB00B78076 /* PBXContainerItemProxy */ = {
			isa = PBXContainerItemProxy;
			containerPortal = 89515CE2203765FB00B78076 /* SQLite.xcodeproj */;
			proxyType = 2;
			remoteGlobalIDString = EE247ADD1C3F04ED00AE3E12;
			remoteInfo = "SQLiteTests iOS";
		};
		89515CF0203765FB00B78076 /* PBXContainerItemProxy */ = {
			isa = PBXContainerItemProxy;
			containerPortal = 89515CE2203765FB00B78076 /* SQLite.xcodeproj */;
			proxyType = 2;
			remoteGlobalIDString = EE247B3C1C3F3ED000AE3E12;
			remoteInfo = "SQLite Mac";
		};
		89515CF2203765FB00B78076 /* PBXContainerItemProxy */ = {
			isa = PBXContainerItemProxy;
			containerPortal = 89515CE2203765FB00B78076 /* SQLite.xcodeproj */;
			proxyType = 2;
			remoteGlobalIDString = EE247B451C3F3ED000AE3E12;
			remoteInfo = "SQLiteTests Mac";
		};
		89515CF4203765FB00B78076 /* PBXContainerItemProxy */ = {
			isa = PBXContainerItemProxy;
			containerPortal = 89515CE2203765FB00B78076 /* SQLite.xcodeproj */;
			proxyType = 2;
			remoteGlobalIDString = 03A65E5A1C6BB0F50062603F;
			remoteInfo = "SQLite tvOS";
		};
		89515CF6203765FB00B78076 /* PBXContainerItemProxy */ = {
			isa = PBXContainerItemProxy;
			containerPortal = 89515CE2203765FB00B78076 /* SQLite.xcodeproj */;
			proxyType = 2;
			remoteGlobalIDString = 03A65E631C6BB0F60062603F;
			remoteInfo = "SQLiteTests tvOS";
		};
		89515CF8203765FB00B78076 /* PBXContainerItemProxy */ = {
			isa = PBXContainerItemProxy;
			containerPortal = 89515CE2203765FB00B78076 /* SQLite.xcodeproj */;
			proxyType = 2;
			remoteGlobalIDString = A121AC451CA35C79005A31D1;
			remoteInfo = "SQLite watchOS";
		};
		89515CFD2037663C00B78076 /* PBXContainerItemProxy */ = {
			isa = PBXContainerItemProxy;
			containerPortal = 89515CE2203765FB00B78076 /* SQLite.xcodeproj */;
			proxyType = 1;
			remoteGlobalIDString = EE247AD21C3F04ED00AE3E12;
			remoteInfo = "SQLite iOS";
		};
/* End PBXContainerItemProxy section */

/* Begin PBXCopyFilesBuildPhase section */
		89515CD52037613100B78076 /* Embed Frameworks */ = {
			isa = PBXCopyFilesBuildPhase;
			buildActionMask = 2147483647;
			dstPath = "";
			dstSubfolderSpec = 10;
			files = (
				89515CFC2037663C00B78076 /* SQLite.framework in Embed Frameworks */,
			);
			name = "Embed Frameworks";
			runOnlyForDeploymentPostprocessing = 0;
		};
/* End PBXCopyFilesBuildPhase section */

/* Begin PBXFileReference section */
		89515CA22037607600B78076 /* Th-agenda.app */ = {isa = PBXFileReference; explicitFileType = wrapper.application; includeInIndex = 0; path = "Th-agenda.app"; sourceTree = BUILT_PRODUCTS_DIR; };
		89515CA52037607600B78076 /* AppDelegate.swift */ = {isa = PBXFileReference; lastKnownFileType = sourcecode.swift; path = AppDelegate.swift; sourceTree = "<group>"; };
		89515CAA2037607600B78076 /* Base */ = {isa = PBXFileReference; lastKnownFileType = file.storyboard; name = Base; path = Base.lproj/Main.storyboard; sourceTree = "<group>"; };
		89515CAC2037607600B78076 /* Assets.xcassets */ = {isa = PBXFileReference; lastKnownFileType = folder.assetcatalog; path = Assets.xcassets; sourceTree = "<group>"; };
		89515CAF2037607600B78076 /* Base */ = {isa = PBXFileReference; lastKnownFileType = file.storyboard; name = Base; path = Base.lproj/LaunchScreen.storyboard; sourceTree = "<group>"; };
		89515CB12037607600B78076 /* Info.plist */ = {isa = PBXFileReference; lastKnownFileType = text.plist.xml; path = Info.plist; sourceTree = "<group>"; };
		89515CD62037618C00B78076 /* listaTableViewController.swift */ = {isa = PBXFileReference; lastKnownFileType = sourcecode.swift; path = listaTableViewController.swift; sourceTree = "<group>"; };
		89515CD82037626C00B78076 /* corViewController.swift */ = {isa = PBXFileReference; lastKnownFileType = sourcecode.swift; path = corViewController.swift; sourceTree = "<group>"; };
		89515CE2203765FB00B78076 /* SQLite.xcodeproj */ = {isa = PBXFileReference; lastKnownFileType = "wrapper.pb-project"; name = SQLite.xcodeproj; path = "../../../../Downloads/SQLite.swift-master/SQLite.xcodeproj"; sourceTree = "<group>"; };
		8953D3792038B4E7000B99EB /* infoViewController.swift */ = {isa = PBXFileReference; lastKnownFileType = sourcecode.swift; path = infoViewController.swift; sourceTree = "<group>"; };
		8953D37B2038BA74000B99EB /* editarViewController.swift */ = {isa = PBXFileReference; lastKnownFileType = sourcecode.swift; path = editarViewController.swift; sourceTree = "<group>"; };
/* End PBXFileReference section */

/* Begin PBXFrameworksBuildPhase section */
		89515C9F2037607600B78076 /* Frameworks */ = {
			isa = PBXFrameworksBuildPhase;
			buildActionMask = 2147483647;
			files = (
				89515CFB2037663C00B78076 /* SQLite.framework in Frameworks */,
			);
			runOnlyForDeploymentPostprocessing = 0;
		};
/* End PBXFrameworksBuildPhase section */

/* Begin PBXGroup section */
		89515C992037607600B78076 = {
			isa = PBXGroup;
			children = (
				89515CA42037607600B78076 /* agenda_SQLite */,
				89515CA32037607600B78076 /* Products */,
				89515CCF2037612300B78076 /* Frameworks */,
			);
			sourceTree = "<group>";
		};
		89515CA32037607600B78076 /* Products */ = {
			isa = PBXGroup;
			children = (
				89515CA22037607600B78076 /* Th-agenda.app */,
			);
			name = Products;
			sourceTree = "<group>";
		};
		89515CA42037607600B78076 /* agenda_SQLite */ = {
			isa = PBXGroup;
			children = (
				89515CD62037618C00B78076 /* listaTableViewController.swift */,
				8953D3792038B4E7000B99EB /* infoViewController.swift */,
				8953D37B2038BA74000B99EB /* editarViewController.swift */,
				89515CD82037626C00B78076 /* corViewController.swift */,
				89515CA92037607600B78076 /* Main.storyboard */,
				89515CAC2037607600B78076 /* Assets.xcassets */,
				89515CA52037607600B78076 /* AppDelegate.swift */,
				89515CAE2037607600B78076 /* LaunchScreen.storyboard */,
				89515CB12037607600B78076 /* Info.plist */,
			);
			path = agenda_SQLite;
			sourceTree = "<group>";
		};
		89515CCF2037612300B78076 /* Frameworks */ = {
			isa = PBXGroup;
			children = (
				89515CE2203765FB00B78076 /* SQLite.xcodeproj */,
			);
			name = Frameworks;
			sourceTree = "<group>";
		};
		89515CE3203765FB00B78076 /* Products */ = {
			isa = PBXGroup;
			children = (
				89515CED203765FB00B78076 /* SQLite.framework */,
				89515CEF203765FB00B78076 /* SQLiteTests iOS.xctest */,
				89515CF1203765FB00B78076 /* SQLite.framework */,
				89515CF3203765FB00B78076 /* SQLiteTests Mac.xctest */,
				89515CF5203765FB00B78076 /* SQLite.framework */,
				89515CF7203765FB00B78076 /* SQLiteTests tvOS.xctest */,
				89515CF9203765FB00B78076 /* SQLite.framework */,
			);
			name = Products;
			sourceTree = "<group>";
		};
/* End PBXGroup section */

/* Begin PBXNativeTarget section */
		89515CA12037607600B78076 /* Th-agenda */ = {
			isa = PBXNativeTarget;
			buildConfigurationList = 89515CB42037607600B78076 /* Build configuration list for PBXNativeTarget "Th-agenda" */;
			buildPhases = (
				89515C9E2037607600B78076 /* Sources */,
				89515C9F2037607600B78076 /* Frameworks */,
				89515CA02037607600B78076 /* Resources */,
				89515CD52037613100B78076 /* Embed Frameworks */,
			);
			buildRules = (
			);
			dependencies = (
				89515CFE2037663C00B78076 /* PBXTargetDependency */,
			);
			name = "Th-agenda";
			productName = agenda_SQLite;
			productReference = 89515CA22037607600B78076 /* Th-agenda.app */;
			productType = "com.apple.product-type.application";
		};
/* End PBXNativeTarget section */

/* Begin PBXProject section */
		89515C9A2037607600B78076 /* Project object */ = {
			isa = PBXProject;
			attributes = {
				LastSwiftUpdateCheck = 0900;
				LastUpgradeCheck = 0920;
				ORGANIZATIONNAME = "Rafael Pereira";
				TargetAttributes = {
					89515CA12037607600B78076 = {
						CreatedOnToolsVersion = 9.0;
						ProvisioningStyle = Automatic;
					};
				};
			};
			buildConfigurationList = 89515C9D2037607600B78076 /* Build configuration list for PBXProject "agenda_SQLite" */;
			compatibilityVersion = "Xcode 8.0";
			developmentRegion = en;
			hasScannedForEncodings = 0;
			knownRegions = (
				en,
				Base,
			);
			mainGroup = 89515C992037607600B78076;
			productRefGroup = 89515CA32037607600B78076 /* Products */;
			projectDirPath = "";
			projectReferences = (
				{
					ProductGroup = 89515CE3203765FB00B78076 /* Products */;
					ProjectRef = 89515CE2203765FB00B78076 /* SQLite.xcodeproj */;
				},
			);
			projectRoot = "";
			targets = (
				89515CA12037607600B78076 /* Th-agenda */,
			);
		};
/* End PBXProject section */

/* Begin PBXReferenceProxy section */
		89515CED203765FB00B78076 /* SQLite.framework */ = {
			isa = PBXReferenceProxy;
			fileType = wrapper.framework;
			path = SQLite.framework;
			remoteRef = 89515CEC203765FB00B78076 /* PBXContainerItemProxy */;
			sourceTree = BUILT_PRODUCTS_DIR;
		};
		89515CEF203765FB00B78076 /* SQLiteTests iOS.xctest */ = {
			isa = PBXReferenceProxy;
			fileType = wrapper.cfbundle;
			path = "SQLiteTests iOS.xctest";
			remoteRef = 89515CEE203765FB00B78076 /* PBXContainerItemProxy */;
			sourceTree = BUILT_PRODUCTS_DIR;
		};
		89515CF1203765FB00B78076 /* SQLite.framework */ = {
			isa = PBXReferenceProxy;
			fileType = wrapper.framework;
			path = SQLite.framework;
			remoteRef = 89515CF0203765FB00B78076 /* PBXContainerItemProxy */;
			sourceTree = BUILT_PRODUCTS_DIR;
		};
		89515CF3203765FB00B78076 /* SQLiteTests Mac.xctest */ = {
			isa = PBXReferenceProxy;
			fileType = wrapper.cfbundle;
			path = "SQLiteTests Mac.xctest";
			remoteRef = 89515CF2203765FB00B78076 /* PBXContainerItemProxy */;
			sourceTree = BUILT_PRODUCTS_DIR;
		};
		89515CF5203765FB00B78076 /* SQLite.framework */ = {
			isa = PBXReferenceProxy;
			fileType = wrapper.framework;
			path = SQLite.framework;
			remoteRef = 89515CF4203765FB00B78076 /* PBXContainerItemProxy */;
			sourceTree = BUILT_PRODUCTS_DIR;
		};
		89515CF7203765FB00B78076 /* SQLiteTests tvOS.xctest */ = {
			isa = PBXReferenceProxy;
			fileType = wrapper.cfbundle;
			path = "SQLiteTests tvOS.xctest";
			remoteRef = 89515CF6203765FB00B78076 /* PBXContainerItemProxy */;
			sourceTree = BUILT_PRODUCTS_DIR;
		};
		89515CF9203765FB00B78076 /* SQLite.framework */ = {
			isa = PBXReferenceProxy;
			fileType = wrapper.framework;
			path = SQLite.framework;
			remoteRef = 89515CF8203765FB00B78076 /* PBXContainerItemProxy */;
			sourceTree = BUILT_PRODUCTS_DIR;
		};
/* End PBXReferenceProxy section */

/* Begin PBXResourcesBuildPhase section */
		89515CA02037607600B78076 /* Resources */ = {
			isa = PBXResourcesBuildPhase;
			buildActionMask = 2147483647;
			files = (
				89515CB02037607600B78076 /* LaunchScreen.storyboard in Resources */,
				89515CAD2037607600B78076 /* Assets.xcassets in Resources */,
				89515CAB2037607600B78076 /* Main.storyboard in Resources */,
			);
			runOnlyForDeploymentPostprocessing = 0;
		};
/* End PBXResourcesBuildPhase section */

/* Begin PBXSourcesBuildPhase section */
		89515C9E2037607600B78076 /* Sources */ = {
			isa = PBXSourcesBuildPhase;
			buildActionMask = 2147483647;
			files = (
				89515CD92037626C00B78076 /* corViewController.swift in Sources */,
				8953D37C2038BA74000B99EB /* editarViewController.swift in Sources */,
				89515CA62037607600B78076 /* AppDelegate.swift in Sources */,
				8953D37A2038B4E7000B99EB /* infoViewController.swift in Sources */,
				89515CD72037618C00B78076 /* listaTableViewController.swift in Sources */,
			);
			runOnlyForDeploymentPostprocessing = 0;
		};
/* End PBXSourcesBuildPhase section */

/* Begin PBXTargetDependency section */
		89515CFE2037663C00B78076 /* PBXTargetDependency */ = {
			isa = PBXTargetDependency;
			name = "SQLite iOS";
			targetProxy = 89515CFD2037663C00B78076 /* PBXContainerItemProxy */;
		};
/* End PBXTargetDependency section */

/* Begin PBXVariantGroup section */
		89515CA92037607600B78076 /* Main.storyboard */ = {
			isa = PBXVariantGroup;
			children = (
				89515CAA2037607600B78076 /* Base */,
			);
			name = Main.storyboard;
			sourceTree = "<group>";
		};
		89515CAE2037607600B78076 /* LaunchScreen.storyboard */ = {
			isa = PBXVariantGroup;
			children = (
				89515CAF2037607600B78076 /* Base */,
			);
			name = LaunchScreen.storyboard;
			sourceTree = "<group>";
		};
/* End PBXVariantGroup section */

/* Begin XCBuildConfiguration section */
		89515CB22037607600B78076 /* Debug */ = {
			isa = XCBuildConfiguration;
			buildSettings = {
				ALWAYS_SEARCH_USER_PATHS = NO;
				CLANG_ANALYZER_NONNULL = YES;
				CLANG_ANALYZER_NUMBER_OBJECT_CONVERSION = YES_AGGRESSIVE;
				CLANG_CXX_LANGUAGE_STANDARD = "gnu++14";
				CLANG_CXX_LIBRARY = "libc++";
				CLANG_ENABLE_MODULES = YES;
				CLANG_ENABLE_OBJC_ARC = YES;
				CLANG_WARN_BLOCK_CAPTURE_AUTORELEASING = YES;
				CLANG_WARN_BOOL_CONVERSION = YES;
				CLANG_WARN_COMMA = YES;
				CLANG_WARN_CONSTANT_CONVERSION = YES;
				CLANG_WARN_DIRECT_OBJC_ISA_USAGE = YES_ERROR;
				CLANG_WARN_DOCUMENTATION_COMMENTS = YES;
				CLANG_WARN_EMPTY_BODY = YES;
				CLANG_WARN_ENUM_CONVERSION = YES;
				CLANG_WARN_INFINITE_RECURSION = YES;
				CLANG_WARN_INT_CONVERSION = YES;
				CLANG_WARN_NON_LITERAL_NULL_CONVERSION = YES;
				CLANG_WARN_OBJC_LITERAL_CONVERSION = YES;
				CLANG_WARN_OBJC_ROOT_CLASS = YES_ERROR;
				CLANG_WARN_RANGE_LOOP_ANALYSIS = YES;
				CLANG_WARN_STRICT_PROTOTYPES = YES;
				CLANG_WARN_SUSPICIOUS_MOVE = YES;
				CLANG_WARN_UNGUARDED_AVAILABILITY = YES_AGGRESSIVE;
				CLANG_WARN_UNREACHABLE_CODE = YES;
				CLANG_WARN__DUPLICATE_METHOD_MATCH = YES;
				CODE_SIGN_IDENTITY = "iPhone Developer";
				COPY_PHASE_STRIP = NO;
				DEBUG_INFORMATION_FORMAT = dwarf;
				ENABLE_STRICT_OBJC_MSGSEND = YES;
				ENABLE_TESTABILITY = YES;
				GCC_C_LANGUAGE_STANDARD = gnu11;
				GCC_DYNAMIC_NO_PIC = NO;
				GCC_NO_COMMON_BLOCKS = YES;
				GCC_OPTIMIZATION_LEVEL = 0;
				GCC_PREPROCESSOR_DEFINITIONS = (
					"DEBUG=1",
					"$(inherited)",
				);
				GCC_WARN_64_TO_32_BIT_CONVERSION = YES;
				GCC_WARN_ABOUT_RETURN_TYPE = YES_ERROR;
				GCC_WARN_UNDECLARED_SELECTOR = YES;
				GCC_WARN_UNINITIALIZED_AUTOS = YES_AGGRESSIVE;
				GCC_WARN_UNUSED_FUNCTION = YES;
				GCC_WARN_UNUSED_VARIABLE = YES;
				IPHONEOS_DEPLOYMENT_TARGET = 11.2;
				MTL_ENABLE_DEBUG_INFO = YES;
				ONLY_ACTIVE_ARCH = YES;
				SDKROOT = iphoneos;
				SWIFT_ACTIVE_COMPILATION_CONDITIONS = DEBUG;
				SWIFT_OPTIMIZATION_LEVEL = "-Onone";
			};
			name = Debug;
		};
		89515CB32037607600B78076 /* Release */ = {
			isa = XCBuildConfiguration;
			buildSettings = {
				ALWAYS_SEARCH_USER_PATHS = NO;
				CLANG_ANALYZER_NONNULL = YES;
				CLANG_ANALYZER_NUMBER_OBJECT_CONVERSION = YES_AGGRESSIVE;
				CLANG_CXX_LANGUAGE_STANDARD = "gnu++14";
				CLANG_CXX_LIBRARY = "libc++";
				CLANG_ENABLE_MODULES = YES;
				CLANG_ENABLE_OBJC_ARC = YES;
				CLANG_WARN_BLOCK_CAPTURE_AUTORELEASING = YES;
				CLANG_WARN_BOOL_CONVERSION = YES;
				CLANG_WARN_COMMA = YES;
				CLANG_WARN_CONSTANT_CONVERSION = YES;
				CLANG_WARN_DIRECT_OBJC_ISA_USAGE = YES_ERROR;
				CLANG_WARN_DOCUMENTATION_COMMENTS = YES;
				CLANG_WARN_EMPTY_BODY = YES;
				CLANG_WARN_ENUM_CONVERSION = YES;
				CLANG_WARN_INFINITE_RECURSION = YES;
				CLANG_WARN_INT_CONVERSION = YES;
				CLANG_WARN_NON_LITERAL_NULL_CONVERSION = YES;
				CLANG_WARN_OBJC_LITERAL_CONVERSION = YES;
				CLANG_WARN_OBJC_ROOT_CLASS = YES_ERROR;
				CLANG_WARN_RANGE_LOOP_ANALYSIS = YES;
				CLANG_WARN_STRICT_PROTOTYPES = YES;
				CLANG_WARN_SUSPICIOUS_MOVE = YES;
				CLANG_WARN_UNGUARDED_AVAILABILITY = YES_AGGRESSIVE;
				CLANG_WARN_UNREACHABLE_CODE = YES;
				CLANG_WARN__DUPLICATE_METHOD_MATCH = YES;
				CODE_SIGN_IDENTITY = "iPhone Developer";
				COPY_PHASE_STRIP = NO;
				DEBUG_INFORMATION_FORMAT = "dwarf-with-dsym";
				ENABLE_NS_ASSERTIONS = NO;
				ENABLE_STRICT_OBJC_MSGSEND = YES;
				GCC_C_LANGUAGE_STANDARD = gnu11;
				GCC_NO_COMMON_BLOCKS = YES;
				GCC_WARN_64_TO_32_BIT_CONVERSION = YES;
				GCC_WARN_ABOUT_RETURN_TYPE = YES_ERROR;
				GCC_WARN_UNDECLARED_SELECTOR = YES;
				GCC_WARN_UNINITIALIZED_AUTOS = YES_AGGRESSIVE;
				GCC_WARN_UNUSED_FUNCTION = YES;
				GCC_WARN_UNUSED_VARIABLE = YES;
				IPHONEOS_DEPLOYMENT_TARGET = 11.2;
				MTL_ENABLE_DEBUG_INFO = NO;
				SDKROOT = iphoneos;
				SWIFT_OPTIMIZATION_LEVEL = "-Owholemodule";
				VALIDATE_PRODUCT = YES;
			};
			name = Release;
		};
		89515CB52037607600B78076 /* Debug */ = {
			isa = XCBuildConfiguration;
			buildSettings = {
				ALWAYS_EMBED_SWIFT_STANDARD_LIBRARIES = YES;
				ASSETCATALOG_COMPILER_APPICON_NAME = AppIcon;
				CODE_SIGN_STYLE = Automatic;
				DEVELOPMENT_TEAM = A5G32P674F;
				INFOPLIST_FILE = agenda_SQLite/Info.plist;
				IPHONEOS_DEPLOYMENT_TARGET = 11.2;
				LD_RUNPATH_SEARCH_PATHS = "$(inherited) @executable_path/Frameworks";
				PRODUCT_BUNDLE_IDENTIFIER = BON.thangeda;
				PRODUCT_NAME = "$(TARGET_NAME)";
				SWIFT_VERSION = 4.0;
				TARGETED_DEVICE_FAMILY = "1,2";
			};
			name = Debug;
		};
		89515CB62037607600B78076 /* Release */ = {
			isa = XCBuildConfiguration;
			buildSettings = {
				ALWAYS_EMBED_SWIFT_STANDARD_LIBRARIES = YES;
				ASSETCATALOG_COMPILER_APPICON_NAME = AppIcon;
				CODE_SIGN_STYLE = Automatic;
				DEVELOPMENT_TEAM = A5G32P674F;
				INFOPLIST_FILE = agenda_SQLite/Info.plist;
				IPHONEOS_DEPLOYMENT_TARGET = 11.2;
				LD_RUNPATH_SEARCH_PATHS = "$(inherited) @executable_path/Frameworks";
				PRODUCT_BUNDLE_IDENTIFIER = BON.thangeda;
				PRODUCT_NAME = "$(TARGET_NAME)";
				SWIFT_VERSION = 4.0;
				TARGETED_DEVICE_FAMILY = "1,2";
			};
			name = Release;
		};
/* End XCBuildConfiguration section */

/* Begin XCConfigurationList section */
		89515C9D2037607600B78076 /* Build configuration list for PBXProject "agenda_SQLite" */ = {
			isa = XCConfigurationList;
			buildConfigurations = (
				89515CB22037607600B78076 /* Debug */,
				89515CB32037607600B78076 /* Release */,
			);
			defaultConfigurationIsVisible = 0;
			defaultConfigurationName = Release;
		};
		89515CB42037607600B78076 /* Build configuration list for PBXNativeTarget "Th-agenda" */ = {
			isa = XCConfigurationList;
			buildConfigurations = (
				89515CB52037607600B78076 /* Debug */,
				89515CB62037607600B78076 /* Release */,
			);
			defaultConfigurationIsVisible = 0;
			defaultConfigurationName = Release;
		};
/* End XCConfigurationList section */
	};
	rootObject = 89515C9A2037607600B78076 /* Project object */;
}
